Microsoft Visual Studio Solution File, Format Version 12.00
# Visual Studio Version 17
VisualStudioVersion = 17.5.2.0
MinimumVisualStudioVersion = 10.0.40219.1
Project("{FAE04EC0-301F-11D3-BF4B-00C04F79EFBC}") = "2024", "2024.csproj", "{911E4A69-3FB3-12EE-8A10-C05EAC65DBF3}"
EndProject
Global
	GlobalSection(SolutionConfigurationPlatforms) = preSolution
		Debug|Any CPU = Debug|Any CPU
		Release|Any CPU = Release|Any CPU
	EndGlobalSection
	GlobalSection(ProjectConfigurationPlatforms) = postSolution
		{911E4A69-3FB3-12EE-8A10-C05EAC65DBF3}.Debug|Any CPU.ActiveCfg = Debug|Any CPU
		{911E4A69-3FB3-12EE-8A10-C05EAC65DBF3}.Debug|Any CPU.Build.0 = Debug|Any CPU
		{911E4A69-3FB3-12EE-8A10-C05EAC65DBF3}.Release|Any CPU.ActiveCfg = Release|Any CPU
		{911E4A69-3FB3-12EE-8A10-C05EAC65DBF3}.Release|Any CPU.Build.0 = Release|Any CPU
	EndGlobalSection
	GlobalSection(SolutionProperties) = preSolution
		HideSolutionNode = FALSE
	EndGlobalSection
	GlobalSection(ExtensibilityGlobals) = postSolution
		SolutionGuid = {F2419A0D-7FA4-4893-9194-B7155591E4C0}
	EndGlobalSection
EndGlobal
